// !$*UTF8*$!
{
	archiveVersion = 1;
	classes = {
	};
	objectVersion = 46;
	objects = {

/* Begin PBXBuildFile section */
		1FDA0EDE1D0BF1AB0060F726 /* AppDelegate.swift in Sources */ = {isa = PBXBuildFile; fileRef = 1FDA0EDD1D0BF1AB0060F726 /* AppDelegate.swift */; };
		1FDA0EE01D0BF1AB0060F726 /* ViewController.swift in Sources */ = {isa = PBXBuildFile; fileRef = 1FDA0EDF1D0BF1AB0060F726 /* ViewController.swift */; };
		1FDA0EE31D0BF1AB0060F726 /* Main.storyboard in Resources */ = {isa = PBXBuildFile; fileRef = 1FDA0EE11D0BF1AB0060F726 /* Main.storyboard */; };
		1FDA0EE51D0BF1AB0060F726 /* Assets.xcassets in Resources */ = {isa = PBXBuildFile; fileRef = 1FDA0EE41D0BF1AB0060F726 /* Assets.xcassets */; };
		1FDA0EE81D0BF1AB0060F726 /* LaunchScreen.storyboard in Resources */ = {isa = PBXBuildFile; fileRef = 1FDA0EE61D0BF1AB0060F726 /* LaunchScreen.storyboard */; };
		1FDA0EF01D0BF8280060F726 /* PlayerCell.swift in Sources */ = {isa = PBXBuildFile; fileRef = 1FDA0EEF1D0BF8280060F726 /* PlayerCell.swift */; };
/* End PBXBuildFile section */

/* Begin PBXFileReference section */
		1FDA0EDA1D0BF1AA0060F726 /* VideoSlider.app */ = {isa = PBXFileReference; explicitFileType = wrapper.application; includeInIndex = 0; path = VideoSlider.app; sourceTree = BUILT_PRODUCTS_DIR; };
		1FDA0EDD1D0BF1AB0060F726 /* AppDelegate.swift */ = {isa = PBXFileReference; lastKnownFileType = sourcecode.swift; path = AppDelegate.swift; sourceTree = "<group>"; };
		1FDA0EDF1D0BF1AB0060F726 /* ViewController.swift */ = {isa = PBXFileReference; lastKnownFileType = sourcecode.swift; path = ViewController.swift; sourceTree = "<group>"; };
		1FDA0EE21D0BF1AB0060F726 /* Base */ = {isa = PBXFileReference; lastKnownFileType = file.storyboard; name = Base; path = Base.lproj/Main.storyboard; sourceTree = "<group>"; };
		1FDA0EE41D0BF1AB0060F726 /* Assets.xcassets */ = {isa = PBXFileReference; lastKnownFileType = folder.assetcatalog; path = Assets.xcassets; sourceTree = "<group>"; };
		1FDA0EE71D0BF1AB0060F726 /* Base */ = {isa = PBXFileReference; lastKnownFileType = file.storyboard; name = Base; path = Base.lproj/LaunchScreen.storyboard; sourceTree = "<group>"; };
		1FDA0EE91D0BF1AB0060F726 /* Info.plist */ = {isa = PBXFileReference; lastKnownFileType = text.plist.xml; path = Info.plist; sourceTree = "<group>"; };
		1FDA0EEF1D0BF8280060F726 /* PlayerCell.swift */ = {isa = PBXFileReference; fileEncoding = 4; lastKnownFileType = sourcecode.swift; path = PlayerCell.swift; sourceTree = "<group>"; };
/* End PBXFileReference section */

/* Begin PBXFrameworksBuildPhase section */
		1FDA0ED71D0BF1AA0060F726 /* Frameworks */ = {
			isa = PBXFrameworksBuildPhase;
			buildActionMask = 2147483647;
			files = (
			);
			runOnlyForDeploymentPostprocessing = 0;
		};
/* End PBXFrameworksBuildPhase section */

/* Begin PBXGroup section */
		1FDA0ED11D0BF1AA0060F726 = {
			isa = PBXGroup;
			children = (
				1FDA0EDC1D0BF1AB0060F726 /* VideoSlider */,
				1FDA0EDB1D0BF1AA0060F726 /* Products */,
			);
			sourceTree = "<group>";
		};
		1FDA0EDB1D0BF1AA0060F726 /* Products */ = {
			isa = PBXGroup;
			children = (
				1FDA0EDA1D0BF1AA0060F726 /* VideoSlider.app */,
			);
			name = Products;
			sourceTree = "<group>";
		};
		1FDA0EDC1D0BF1AB0060F726 /* VideoSlider */ = {
			isa = PBXGroup;
			children = (
				1FDA0EDD1D0BF1AB0060F726 /* AppDelegate.swift */,
				1FDA0EDF1D0BF1AB0060F726 /* ViewController.swift */,
				1FDA0EEF1D0BF8280060F726 /* PlayerCell.swift */,
				1FDA0EE11D0BF1AB0060F726 /* Main.storyboard */,
				1FDA0EE41D0BF1AB0060F726 /* Assets.xcassets */,
				1FDA0EE61D0BF1AB0060F726 /* LaunchScreen.storyboard */,
				1FDA0EE91D0BF1AB0060F726 /* Info.plist */,
			);
			path = VideoSlider;
			sourceTree = "<group>";
		};
/* End PBXGroup section */

/* Begin PBXNativeTarget section */
		1FDA0ED91D0BF1AA0060F726 /* VideoSlider */ = {
			isa = PBXNativeTarget;
			buildConfigurationList = 1FDA0EEC1D0BF1AB0060F726 /* Build configuration list for PBXNativeTarget "VideoSlider" */;
			buildPhases = (
				1FDA0ED61D0BF1AA0060F726 /* Sources */,
				1FDA0ED71D0BF1AA0060F726 /* Frameworks */,
				1FDA0ED81D0BF1AA0060F726 /* Resources */,
			);
			buildRules = (
			);
			dependencies = (
			);
			name = VideoSlider;
			productName = VideoSlider;
			productReference = 1FDA0EDA1D0BF1AA0060F726 /* VideoSlider.app */;
			productType = "com.apple.product-type.application";
		};
/* End PBXNativeTarget section */

/* Begin PBXProject section */
		1FDA0ED21D0BF1AA0060F726 /* Project object */ = {
			isa = PBXProject;
			attributes = {
				LastSwiftUpdateCheck = 0730;
				LastUpgradeCheck = 0730;
				ORGANIZATIONNAME = dharmesh;
				TargetAttributes = {
					1FDA0ED91D0BF1AA0060F726 = {
						CreatedOnToolsVersion = 7.3;
					};
				};
			};
			buildConfigurationList = 1FDA0ED51D0BF1AA0060F726 /* Build configuration list for PBXProject "VideoSlider" */;
			compatibilityVersion = "Xcode 3.2";
			developmentRegion = English;
			hasScannedForEncodings = 0;
			knownRegions = (
				en,
				Base,
			);
			mainGroup = 1FDA0ED11D0BF1AA0060F726;
			productRefGroup = 1FDA0EDB1D0BF1AA0060F726 /* Products */;
			projectDirPath = "";
			projectRoot = "";
			targets = (
				1FDA0ED91D0BF1AA0060F726 /* VideoSlider */,
			);
		};
/* End PBXProject section */

/* Begin PBXResourcesBuildPhase section */
		1FDA0ED81D0BF1AA0060F726 /* Resources */ = {
			isa = PBXResourcesBuildPhase;
			buildActionMask = 2147483647;
			files = (
				1FDA0EE81D0BF1AB0060F726 /* LaunchScreen.storyboard in Resources */,
				1FDA0EE51D0BF1AB0060F726 /* Assets.xcassets in Resources */,
				1FDA0EE31D0BF1AB0060F726 /* Main.storyboard in Resources */,
			);
			runOnlyForDeploymentPostprocessing = 0;
		};
/* End PBXResourcesBuildPhase section */

/* Begin PBXSourcesBuildPhase section */
		1FDA0ED61D0BF1AA0060F726 /* Sources */ = {
			isa = PBXSourcesBuildPhase;
			buildActionMask = 2147483647;
			files = (
				1FDA0EF01D0BF8280060F726 /* PlayerCell.swift in Sources */,
				1FDA0EE01D0BF1AB0060F726 /* ViewController.swift in Sources */,
				1FDA0EDE1D0BF1AB0060F726 /* AppDelegate.swift in Sources */,
			);
			runOnlyForDeploymentPostprocessing = 0;
		};
/* End PBXSourcesBuildPhase section */

/* Begin PBXVariantGroup section */
		1FDA0EE11D0BF1AB0060F726 /* Main.storyboard */ = {
			isa = PBXVariantGroup;
			children = (
				1FDA0EE21D0BF1AB0060F726 /* Base */,
			);
			name = Main.storyboard;
			sourceTree = "<group>";
		};
		1FDA0EE61D0BF1AB0060F726 /* LaunchScreen.storyboard */ = {
			isa = PBXVariantGroup;
			children = (
				1FDA0EE71D0BF1AB0060F726 /* Base */,
			);
			name = LaunchScreen.storyboard;
			sourceTree = "<group>";
		};
/* End PBXVariantGroup section */

/* Begin XCBuildConfiguration section */
		1FDA0EEA1D0BF1AB0060F726 /* Debug */ = {
			isa = XCBuildConfiguration;
			buildSettings = {
				ALWAYS_SEARCH_USER_PATHS = NO;
				CLANG_ANALYZER_NONNULL = YES;
				CLANG_CXX_LANGUAGE_STANDARD = "gnu++0x";
				CLANG_CXX_LIBRARY = "libc++";
				CLANG_ENABLE_MODULES = YES;
				CLANG_ENABLE_OBJC_ARC = YES;
				CLANG_WARN_BOOL_CONVERSION = YES;
				CLANG_WARN_CONSTANT_CONVERSION = YES;
				CLANG_WARN_DIRECT_OBJC_ISA_USAGE = YES_ERROR;
				CLANG_WARN_EMPTY_BODY = YES;
				CLANG_WARN_ENUM_CONVERSION = YES;
				CLANG_WARN_INT_CONVERSION = YES;
				CLANG_WARN_OBJC_ROOT_CLASS = YES_ERROR;
				CLANG_WARN_UNREACHABLE_CODE = YES;
				CLANG_WARN__DUPLICATE_METHOD_MATCH = YES;
				"CODE_SIGN_IDENTITY[sdk=iphoneos*]" = "iPhone Developer";
				COPY_PHASE_STRIP = NO;
				DEBUG_INFORMATION_FORMAT = dwarf;
				ENABLE_STRICT_OBJC_MSGSEND = YES;
				ENABLE_TESTABILITY = YES;
				GCC_C_LANGUAGE_STANDARD = gnu99;
				GCC_DYNAMIC_NO_PIC = NO;
				GCC_NO_COMMON_BLOCKS = YES;
				GCC_OPTIMIZATION_LEVEL = 0;
				GCC_PREPROCESSOR_DEFINITIONS = (
					"DEBUG=1",
					"$(inherited)",
				);
				GCC_WARN_64_TO_32_BIT_CONVERSION = YES;
				GCC_WARN_ABOUT_RETURN_TYPE = YES_ERROR;
				GCC_WARN_UNDECLARED_SELECTOR = YES;
				GCC_WARN_UNINITIALIZED_AUTOS = YES_AGGRESSIVE;
				GCC_WARN_UNUSED_FUNCTION = YES;
				GCC_WARN_UNUSED_VARIABLE = YES;
				IPHONEOS_DEPLOYMENT_TARGET = 9.3;
				MTL_ENABLE_DEBUG_INFO = YES;
				ONLY_ACTIVE_ARCH = YES;
				SDKROOT = iphoneos;
				SWIFT_OPTIMIZATION_LEVEL = "-Onone";
			};
			name = Debug;
		};
		1FDA0EEB1D0BF1AB0060F726 /* Release */ = {
			isa = XCBuildConfiguration;
			buildSettings = {
				ALWAYS_SEARCH_USER_PATHS = NO;
				CLANG_ANALYZER_NONNULL = YES;
				CLANG_CXX_LANGUAGE_STANDARD = "gnu++0x";
				CLANG_CXX_LIBRARY = "libc++";
				CLANG_ENABLE_MODULES = YES;
				CLANG_ENABLE_OBJC_ARC = YES;
				CLANG_WARN_BOOL_CONVERSION = YES;
				CLANG_WARN_CONSTANT_CONVERSION = YES;
				CLANG_WARN_DIRECT_OBJC_ISA_USAGE = YES_ERROR;
				CLANG_WARN_EMPTY_BODY = YES;
				CLANG_WARN_ENUM_CONVERSION = YES;
				CLANG_WARN_INT_CONVERSION = YES;
				CLANG_WARN_OBJC_ROOT_CLASS = YES_ERROR;
				CLANG_WARN_UNREACHABLE_CODE = YES;
				CLANG_WARN__DUPLICATE_METHOD_MATCH = YES;
				"CODE_SIGN_IDENTITY[sdk=iphoneos*]" = "iPhone Developer";
				COPY_PHASE_STRIP = NO;
				DEBUG_INFORMATION_FORMAT = "dwarf-with-dsym";
				ENABLE_NS_ASSERTIONS = NO;
				ENABLE_STRICT_OBJC_MSGSEND = YES;
				GCC_C_LANGUAGE_STANDARD = gnu99;
				GCC_NO_COMMON_BLOCKS = YES;
				GCC_WARN_64_TO_32_BIT_CONVERSION = YES;
				GCC_WARN_ABOUT_RETURN_TYPE = YES_ERROR;
				GCC_WARN_UNDECLARED_SELECTOR = YES;
				GCC_WARN_UNINITIALIZED_AUTOS = YES_AGGRESSIVE;
				GCC_WARN_UNUSED_FUNCTION = YES;
				GCC_WARN_UNUSED_VARIABLE = YES;
				IPHONEOS_DEPLOYMENT_TARGET = 9.3;
				MTL_ENABLE_DEBUG_INFO = NO;
				SDKROOT = iphoneos;
				VALIDATE_PRODUCT = YES;
			};
			name = Release;
		};
		1FDA0EED1D0BF1AB0060F726 /* Debug */ = {
			isa = XCBuildConfiguration;
			buildSettings = {
				ASSETCATALOG_COMPILER_APPICON_NAME = AppIcon;
				INFOPLIST_FILE = VideoSlider/Info.plist;
				LD_RUNPATH_SEARCH_PATHS = "$(inherited) @executable_path/Frameworks";
				PRODUCT_BUNDLE_IDENTIFIER = com.dharmesh.VideoSlider;
				PRODUCT_NAME = "$(TARGET_NAME)";
			};
			name = Debug;
		};
		1FDA0EEE1D0BF1AB0060F726 /* Release */ = {
			isa = XCBuildConfiguration;
			buildSettings = {
				ASSETCATALOG_COMPILER_APPICON_NAME = AppIcon;
				INFOPLIST_FILE = VideoSlider/Info.plist;
				LD_RUNPATH_SEARCH_PATHS = "$(inherited) @executable_path/Frameworks";
				PRODUCT_BUNDLE_IDENTIFIER = com.dharmesh.VideoSlider;
				PRODUCT_NAME = "$(TARGET_NAME)";
			};
			name = Release;
		};
/* End XCBuildConfiguration section */

/* Begin XCConfigurationList section */
		1FDA0ED51D0BF1AA0060F726 /* Build configuration list for PBXProject "VideoSlider" */ = {
			isa = XCConfigurationList;
			buildConfigurations = (
				1FDA0EEA1D0BF1AB0060F726 /* Debug */,
				1FDA0EEB1D0BF1AB0060F726 /* Release */,
			);
			defaultConfigurationIsVisible = 0;
			defaultConfigurationName = Release;
		};
		1FDA0EEC1D0BF1AB0060F726 /* Build configuration list for PBXNativeTarget "VideoSlider" */ = {
			isa = XCConfigurationList;
			buildConfigurations = (
				1FDA0EED1D0BF1AB0060F726 /* Debug */,
				1FDA0EEE1D0BF1AB0060F726 /* Release */,
			);
			defaultConfigurationIsVisible = 0;
		};
/* End XCConfigurationList section */
	};
	rootObject = 1FDA0ED21D0BF1AA0060F726 /* Project object */;
}
